
Microsoft Visual Studio Solution File, Format Version 12.00
# Visual Studio Version 17
VisualStudioVersion = 17.14.36203.30 d17.14
MinimumVisualStudioVersion = 10.0.40219.1
Project("{FAE04EC0-301F-11D3-BF4B-00C04F79EFBC}") = "Financial Forecasting", "Financial Forecasting.csproj", "{DC6607FF-A2D2-45F1-913D-47B2BBD33DA9}"
EndProject
Global
	GlobalSection(SolutionConfigurationPlatforms) = preSolution
		Debug|Any CPU = Debug|Any CPU
		Release|Any CPU = Release|Any CPU
	EndGlobalSection
	GlobalSection(ProjectConfigurationPlatforms) = postSolution
		{DC6607FF-A2D2-45F1-913D-47B2BBD33DA9}.Debug|Any CPU.ActiveCfg = Debug|Any CPU
		{DC6607FF-A2D2-45F1-913D-47B2BBD33DA9}.Debug|Any CPU.Build.0 = Debug|Any CPU
		{DC6607FF-A2D2-45F1-913D-47B2BBD33DA9}.Release|Any CPU.ActiveCfg = Release|Any CPU
		{DC6607FF-A2D2-45F1-913D-47B2BBD33DA9}.Release|Any CPU.Build.0 = Release|Any CPU
	EndGlobalSection
	GlobalSection(SolutionProperties) = preSolution
		HideSolutionNode = FALSE
	EndGlobalSection
	GlobalSection(ExtensibilityGlobals) = postSolution
		SolutionGuid = {AE04F785-9ED8-4989-A8A5-85810CBF22E6}
	EndGlobalSection
EndGlobal
